Microsoft Visual Studio Solution File, Format Version 12.00
# Visual Studio Version 16
VisualStudioVersion = 16.0.29728.190
MinimumVisualStudioVersion = 10.0.40219.1
Project("{9A19103F-16F7-4668-BE54-9A1E7A4F7556}") = "MicrocodeGen", "MicrocodeGen\MicrocodeGen.csproj", "{D938277A-208B-4447-ACA4-27EDAB5FBE95}"
EndProject
Project("{9A19103F-16F7-4668-BE54-9A1E7A4F7556}") = "Simulator", "Simulator\Simulator.csproj", "{051AF25D-2656-41DE-8175-05BA77569447}"
EndProject
Project("{9A19103F-16F7-4668-BE54-9A1E7A4F7556}") = "Assembler", "Assembler\Assembler.csproj", "{45B46A4E-0BC9-4221-B5B8-24BFF5EE2CD1}"
EndProject
Project("{D954291E-2A0B-460D-934E-DC6B0785DB48}") = "8BitShared", "8BitShared\8BitShared.shproj", "{AF0D00E6-5810-4900-8B30-94F42DEF8A47}"
EndProject
Project("{9A19103F-16F7-4668-BE54-9A1E7A4F7556}") = "Simulator.Test", "Simulator.Test\Simulator.Test.csproj", "{91AED39B-11A9-411D-8E1B-F4ED58CDCA63}"
EndProject
Project("{FAE04EC0-301F-11D3-BF4B-00C04F79EFBC}") = "Simulator.IntegrationTest", "Simulator.IntegrationTest\Simulator.IntegrationTest.csproj", "{849E7033-B2B0-4324-BD97-7A7DDE17DF4A}"
EndProject
Global
	GlobalSection(SharedMSBuildProjectFiles) = preSolution
		8BitShared\8BitShared.projitems*{af0d00e6-5810-4900-8b30-94f42def8a47}*SharedItemsImports = 13
	EndGlobalSection
	GlobalSection(SolutionConfigurationPlatforms) = preSolution
		Debug|Any CPU = Debug|Any CPU
		Release|Any CPU = Release|Any CPU
	EndGlobalSection
	GlobalSection(ProjectConfigurationPlatforms) = postSolution
		{D938277A-208B-4447-ACA4-27EDAB5FBE95}.Debug|Any CPU.ActiveCfg = Debug|Any CPU
		{D938277A-208B-4447-ACA4-27EDAB5FBE95}.Debug|Any CPU.Build.0 = Debug|Any CPU
		{D938277A-208B-4447-ACA4-27EDAB5FBE95}.Release|Any CPU.ActiveCfg = Release|Any CPU
		{D938277A-208B-4447-ACA4-27EDAB5FBE95}.Release|Any CPU.Build.0 = Release|Any CPU
		{051AF25D-2656-41DE-8175-05BA77569447}.Debug|Any CPU.ActiveCfg = Debug|Any CPU
		{051AF25D-2656-41DE-8175-05BA77569447}.Debug|Any CPU.Build.0 = Debug|Any CPU
		{051AF25D-2656-41DE-8175-05BA77569447}.Release|Any CPU.ActiveCfg = Release|Any CPU
		{051AF25D-2656-41DE-8175-05BA77569447}.Release|Any CPU.Build.0 = Release|Any CPU
		{45B46A4E-0BC9-4221-B5B8-24BFF5EE2CD1}.Debug|Any CPU.ActiveCfg = Debug|Any CPU
		{45B46A4E-0BC9-4221-B5B8-24BFF5EE2CD1}.Debug|Any CPU.Build.0 = Debug|Any CPU
		{45B46A4E-0BC9-4221-B5B8-24BFF5EE2CD1}.Release|Any CPU.ActiveCfg = Release|Any CPU
		{45B46A4E-0BC9-4221-B5B8-24BFF5EE2CD1}.Release|Any CPU.Build.0 = Release|Any CPU
		{91AED39B-11A9-411D-8E1B-F4ED58CDCA63}.Debug|Any CPU.ActiveCfg = Debug|Any CPU
		{91AED39B-11A9-411D-8E1B-F4ED58CDCA63}.Debug|Any CPU.Build.0 = Debug|Any CPU
		{91AED39B-11A9-411D-8E1B-F4ED58CDCA63}.Release|Any CPU.ActiveCfg = Release|Any CPU
		{91AED39B-11A9-411D-8E1B-F4ED58CDCA63}.Release|Any CPU.Build.0 = Release|Any CPU
		{849E7033-B2B0-4324-BD97-7A7DDE17DF4A}.Debug|Any CPU.ActiveCfg = Debug|Any CPU
		{849E7033-B2B0-4324-BD97-7A7DDE17DF4A}.Debug|Any CPU.Build.0 = Debug|Any CPU
		{849E7033-B2B0-4324-BD97-7A7DDE17DF4A}.Release|Any CPU.ActiveCfg = Release|Any CPU
		{849E7033-B2B0-4324-BD97-7A7DDE17DF4A}.Release|Any CPU.Build.0 = Release|Any CPU
	EndGlobalSection
	GlobalSection(SolutionProperties) = preSolution
		HideSolutionNode = FALSE
	EndGlobalSection
	GlobalSection(ExtensibilityGlobals) = postSolution
		SolutionGuid = {ED19716F-4EA4-4D69-9845-159BC7181CD1}
	EndGlobalSection
EndGlobal
